
Microsoft Visual Studio Solution File, Format Version 12.00
# Visual Studio Version 17
VisualStudioVersion = 17.9.34407.89
MinimumVisualStudioVersion = 10.0.40219.1
Project("{FAE04EC0-301F-11D3-BF4B-00C04F79EFBC}") = "OrderService", "OrderService\OrderService.csproj", "{CBBBFA1A-5EB8-4B59-BECC-592DE43A840C}"
EndProject
Project("{FAE04EC0-301F-11D3-BF4B-00C04F79EFBC}") = "CartService", "CartService\CartService.csproj", "{C7021E96-68A2-4BD7-8827-6CE5FD5A2D97}"
EndProject
Project("{FAE04EC0-301F-11D3-BF4B-00C04F79EFBC}") = "Core", "Core\Core.csproj", "{6F719A90-2DA4-411C-849E-79D7EE513426}"
EndProject
Project("{FAE04EC0-301F-11D3-BF4B-00C04F79EFBC}") = "Message", "Message\Message.csproj", "{6D020063-A227-4853-B787-691E277E2C4A}"
EndProject
Global
	GlobalSection(SolutionConfigurationPlatforms) = preSolution
		Debug|Any CPU = Debug|Any CPU
		Release|Any CPU = Release|Any CPU
	EndGlobalSection
	GlobalSection(ProjectConfigurationPlatforms) = postSolution
		{CBBBFA1A-5EB8-4B59-BECC-592DE43A840C}.Debug|Any CPU.ActiveCfg = Debug|Any CPU
		{CBBBFA1A-5EB8-4B59-BECC-592DE43A840C}.Debug|Any CPU.Build.0 = Debug|Any CPU
		{CBBBFA1A-5EB8-4B59-BECC-592DE43A840C}.Release|Any CPU.ActiveCfg = Release|Any CPU
		{CBBBFA1A-5EB8-4B59-BECC-592DE43A840C}.Release|Any CPU.Build.0 = Release|Any CPU
		{C7021E96-68A2-4BD7-8827-6CE5FD5A2D97}.Debug|Any CPU.ActiveCfg = Debug|Any CPU
		{C7021E96-68A2-4BD7-8827-6CE5FD5A2D97}.Debug|Any CPU.Build.0 = Debug|Any CPU
		{C7021E96-68A2-4BD7-8827-6CE5FD5A2D97}.Release|Any CPU.ActiveCfg = Release|Any CPU
		{C7021E96-68A2-4BD7-8827-6CE5FD5A2D97}.Release|Any CPU.Build.0 = Release|Any CPU
		{6F719A90-2DA4-411C-849E-79D7EE513426}.Debug|Any CPU.ActiveCfg = Debug|Any CPU
		{6F719A90-2DA4-411C-849E-79D7EE513426}.Debug|Any CPU.Build.0 = Debug|Any CPU
		{6F719A90-2DA4-411C-849E-79D7EE513426}.Release|Any CPU.ActiveCfg = Release|Any CPU
		{6F719A90-2DA4-411C-849E-79D7EE513426}.Release|Any CPU.Build.0 = Release|Any CPU
		{6D020063-A227-4853-B787-691E277E2C4A}.Debug|Any CPU.ActiveCfg = Debug|Any CPU
		{6D020063-A227-4853-B787-691E277E2C4A}.Debug|Any CPU.Build.0 = Debug|Any CPU
		{6D020063-A227-4853-B787-691E277E2C4A}.Release|Any CPU.ActiveCfg = Release|Any CPU
		{6D020063-A227-4853-B787-691E277E2C4A}.Release|Any CPU.Build.0 = Release|Any CPU
	EndGlobalSection
	GlobalSection(SolutionProperties) = preSolution
		HideSolutionNode = FALSE
	EndGlobalSection
	GlobalSection(ExtensibilityGlobals) = postSolution
		SolutionGuid = {7F04252E-CDDD-40CD-B219-60531A8EBE13}
	EndGlobalSection
EndGlobal
